
Microsoft Visual Studio Solution File, Format Version 12.00
# Visual Studio 15
VisualStudioVersion = 15.0.25807.0
MinimumVisualStudioVersion = 10.0.40219.1
Project("{2150E333-8FDC-42A3-9474-1A3956D46DE8}") = "Engine", "Engine", "{36E72D2A-7E25-425F-8254-3E23CA90CC02}"
EndProject
Project("{2150E333-8FDC-42A3-9474-1A3956D46DE8}") = "Games", "Games", "{8CCAB1F0-01E1-4350-B2AA-3A6701203AAD}"
EndProject
Project("{8BC9CEB8-8B4A-11D0-8D11-00A0C91BC942}") = "UE4", "Intermediate\ProjectFiles\UE4.vcxproj", "{184D6CF7-B0EB-4439-99E9-916628FCCC73}"
EndProject
Project("{8BC9CEB8-8B4A-11D0-8D11-00A0C91BC942}") = "FPSGame", "Intermediate\ProjectFiles\FPSGame.vcxproj", "{07F8B825-7F96-4DF9-B69B-9880D845E33E}"
EndProject
Project("{2150E333-8FDC-42A3-9474-1A3956D46DE8}") = "Visualizers", "Visualizers", "{C302757D-9FB6-428E-890B-2D98798E223A}"
	ProjectSection(SolutionItems) = preProject
		..\..\..\..\Program Files\Epic Games\UE_4.21\Engine\Extras\VisualStudioDebugging\UE4.natvis = ..\..\..\..\Program Files\Epic Games\UE_4.21\Engine\Extras\VisualStudioDebugging\UE4.natvis
	EndProjectSection
EndProject
Global
	GlobalSection(SolutionConfigurationPlatforms) = preSolution
		DebugGame Editor|HTML5 = DebugGame Editor|HTML5
		DebugGame Editor|Win32 = DebugGame Editor|Win32
		DebugGame Editor|Win64 = DebugGame Editor|Win64
		DebugGame|HTML5 = DebugGame|HTML5
		DebugGame|Win32 = DebugGame|Win32
		DebugGame|Win64 = DebugGame|Win64
		Development Editor|HTML5 = Development Editor|HTML5
		Development Editor|Win32 = Development Editor|Win32
		Development Editor|Win64 = Development Editor|Win64
		Development|HTML5 = Development|HTML5
		Development|Win32 = Development|Win32
		Development|Win64 = Development|Win64
		Shipping|HTML5 = Shipping|HTML5
		Shipping|Win32 = Shipping|Win32
		Shipping|Win64 = Shipping|Win64
	EndGlobalSection
	GlobalSection(ProjectConfigurationPlatforms) = postSolution
		{184D6CF7-B0EB-4439-99E9-916628FCCC73}.DebugGame Editor|HTML5.ActiveCfg = BuiltWithUnrealBuildTool|Win32
		{184D6CF7-B0EB-4439-99E9-916628FCCC73}.DebugGame Editor|Win32.ActiveCfg = BuiltWithUnrealBuildTool|Win32
		{184D6CF7-B0EB-4439-99E9-916628FCCC73}.DebugGame Editor|Win64.ActiveCfg = BuiltWithUnrealBuildTool|Win32
		{184D6CF7-B0EB-4439-99E9-916628FCCC73}.DebugGame|HTML5.ActiveCfg = BuiltWithUnrealBuildTool|Win32
		{184D6CF7-B0EB-4439-99E9-916628FCCC73}.DebugGame|Win32.ActiveCfg = BuiltWithUnrealBuildTool|Win32
		{184D6CF7-B0EB-4439-99E9-916628FCCC73}.DebugGame|Win64.ActiveCfg = BuiltWithUnrealBuildTool|Win32
		{184D6CF7-B0EB-4439-99E9-916628FCCC73}.Development Editor|HTML5.ActiveCfg = BuiltWithUnrealBuildTool|Win32
		{184D6CF7-B0EB-4439-99E9-916628FCCC73}.Development Editor|Win32.ActiveCfg = BuiltWithUnrealBuildTool|Win32
		{184D6CF7-B0EB-4439-99E9-916628FCCC73}.Development Editor|Win64.ActiveCfg = BuiltWithUnrealBuildTool|Win32
		{184D6CF7-B0EB-4439-99E9-916628FCCC73}.Development|HTML5.ActiveCfg = BuiltWithUnrealBuildTool|Win32
		{184D6CF7-B0EB-4439-99E9-916628FCCC73}.Development|Win32.ActiveCfg = BuiltWithUnrealBuildTool|Win32
		{184D6CF7-B0EB-4439-99E9-916628FCCC73}.Development|Win64.ActiveCfg = BuiltWithUnrealBuildTool|Win32
		{184D6CF7-B0EB-4439-99E9-916628FCCC73}.Shipping|HTML5.ActiveCfg = BuiltWithUnrealBuildTool|Win32
		{184D6CF7-B0EB-4439-99E9-916628FCCC73}.Shipping|Win32.ActiveCfg = BuiltWithUnrealBuildTool|Win32
		{184D6CF7-B0EB-4439-99E9-916628FCCC73}.Shipping|Win64.ActiveCfg = BuiltWithUnrealBuildTool|Win32
		{07F8B825-7F96-4DF9-B69B-9880D845E33E}.DebugGame Editor|HTML5.ActiveCfg = Invalid|Win32
		{07F8B825-7F96-4DF9-B69B-9880D845E33E}.DebugGame Editor|Win32.ActiveCfg = Invalid|Win32
		{07F8B825-7F96-4DF9-B69B-9880D845E33E}.DebugGame Editor|Win64.ActiveCfg = DebugGame_Editor|x64
		{07F8B825-7F96-4DF9-B69B-9880D845E33E}.DebugGame Editor|Win64.Build.0 = DebugGame_Editor|x64
		{07F8B825-7F96-4DF9-B69B-9880D845E33E}.DebugGame|HTML5.ActiveCfg = HTML5_DebugGame|Win32
		{07F8B825-7F96-4DF9-B69B-9880D845E33E}.DebugGame|HTML5.Build.0 = HTML5_DebugGame|Win32
		{07F8B825-7F96-4DF9-B69B-9880D845E33E}.DebugGame|Win32.ActiveCfg = DebugGame|Win32
		{07F8B825-7F96-4DF9-B69B-9880D845E33E}.DebugGame|Win32.Build.0 = DebugGame|Win32
		{07F8B825-7F96-4DF9-B69B-9880D845E33E}.DebugGame|Win64.ActiveCfg = DebugGame|x64
		{07F8B825-7F96-4DF9-B69B-9880D845E33E}.DebugGame|Win64.Build.0 = DebugGame|x64
		{07F8B825-7F96-4DF9-B69B-9880D845E33E}.Development Editor|HTML5.ActiveCfg = Invalid|Win32
		{07F8B825-7F96-4DF9-B69B-9880D845E33E}.Development Editor|Win32.ActiveCfg = Invalid|Win32
		{07F8B825-7F96-4DF9-B69B-9880D845E33E}.Development Editor|Win64.ActiveCfg = Development_Editor|x64
		{07F8B825-7F96-4DF9-B69B-9880D845E33E}.Development Editor|Win64.Build.0 = Development_Editor|x64
		{07F8B825-7F96-4DF9-B69B-9880D845E33E}.Development|HTML5.ActiveCfg = HTML5_Development|Win32
		{07F8B825-7F96-4DF9-B69B-9880D845E33E}.Development|HTML5.Build.0 = HTML5_Development|Win32
		{07F8B825-7F96-4DF9-B69B-9880D845E33E}.Development|Win32.ActiveCfg = Development|Win32
		{07F8B825-7F96-4DF9-B69B-9880D845E33E}.Development|Win32.Build.0 = Development|Win32
		{07F8B825-7F96-4DF9-B69B-9880D845E33E}.Development|Win64.ActiveCfg = Development|x64
		{07F8B825-7F96-4DF9-B69B-9880D845E33E}.Development|Win64.Build.0 = Development|x64
		{07F8B825-7F96-4DF9-B69B-9880D845E33E}.Shipping|HTML5.ActiveCfg = HTML5_Shipping|Win32
		{07F8B825-7F96-4DF9-B69B-9880D845E33E}.Shipping|HTML5.Build.0 = HTML5_Shipping|Win32
		{07F8B825-7F96-4DF9-B69B-9880D845E33E}.Shipping|Win32.ActiveCfg = Shipping|Win32
		{07F8B825-7F96-4DF9-B69B-9880D845E33E}.Shipping|Win32.Build.0 = Shipping|Win32
		{07F8B825-7F96-4DF9-B69B-9880D845E33E}.Shipping|Win64.ActiveCfg = Shipping|x64
		{07F8B825-7F96-4DF9-B69B-9880D845E33E}.Shipping|Win64.Build.0 = Shipping|x64
	EndGlobalSection
	GlobalSection(SolutionProperties) = preSolution
		HideSolutionNode = FALSE
	EndGlobalSection
	GlobalSection(NestedProjects) = preSolution
		{184D6CF7-B0EB-4439-99E9-916628FCCC73} = {36E72D2A-7E25-425F-8254-3E23CA90CC02}
		{07F8B825-7F96-4DF9-B69B-9880D845E33E} = {8CCAB1F0-01E1-4350-B2AA-3A6701203AAD}
	EndGlobalSection
EndGlobal
